// !$*UTF8*$!
{
	archiveVersion = 1;
	classes = {
	};
	objectVersion = 46;
	objects = {

/* Begin PBXBuildFile section */
		FF29E6C4199C4AE600AF0AD6 /* list.png in Resources */ = {isa = PBXBuildFile; fileRef = FF29E6C3199C4AE600AF0AD6 /* list.png */; };
		FF29E6C6199C4AEB00AF0AD6 /* memo.png in Resources */ = {isa = PBXBuildFile; fileRef = FF29E6C5199C4AEB00AF0AD6 /* memo.png */; };
		FF29E6C8199C4AEE00AF0AD6 /* settings.png in Resources */ = {isa = PBXBuildFile; fileRef = FF29E6C7199C4AEE00AF0AD6 /* settings.png */; };
		FF29E6CA199C503400AF0AD6 /* noimage.jpg in Resources */ = {isa = PBXBuildFile; fileRef = FF29E6C9199C503400AF0AD6 /* noimage.jpg */; };
		FF29E6CE199C5EA800AF0AD6 /* FavoriteViewController.m in Sources */ = {isa = PBXBuildFile; fileRef = FF29E6CD199C5EA800AF0AD6 /* FavoriteViewController.m */; };
		FF29E6D2199C6E4600AF0AD6 /* MemoViewController.m in Sources */ = {isa = PBXBuildFile; fileRef = FF29E6D1199C6E4600AF0AD6 /* MemoViewController.m */; };
		FF2CD934199CE29E001491BD /* GetGameList.m in Sources */ = {isa = PBXBuildFile; fileRef = FF2CD933199CE29E001491BD /* GetGameList.m */; };
		FF2CD937199CE2AB001491BD /* GetSiteList.m in Sources */ = {isa = PBXBuildFile; fileRef = FF2CD936199CE2AB001491BD /* GetSiteList.m */; };
		FF2CD93A199CE95B001491BD /* GetUpdate.m in Sources */ = {isa = PBXBuildFile; fileRef = FF2CD939199CE95B001491BD /* GetUpdate.m */; };
		FF3390B1199D272D006C407F /* favorite.png in Resources */ = {isa = PBXBuildFile; fileRef = FF3390B0199D272D006C407F /* favorite.png */; };
		FF3390B7199D86BC006C407F /* libsqlite3.0.dylib in Frameworks */ = {isa = PBXBuildFile; fileRef = FF3390B6199D86BC006C407F /* libsqlite3.0.dylib */; };
		FF3390BD199D8BE1006C407F /* Parser.m in Sources */ = {isa = PBXBuildFile; fileRef = FF3390BC199D8BE1006C407F /* Parser.m */; };
		FF3D0C201A05E71200AF309A /* GetNewsList.m in Sources */ = {isa = PBXBuildFile; fileRef = FF3D0C1F1A05E71200AF309A /* GetNewsList.m */; };
		FF8F7BBF19A0A79E00C17F3D /* memo_blue.png in Resources */ = {isa = PBXBuildFile; fileRef = FF8F7BBE19A0A79E00C17F3D /* memo_blue.png */; };
		FF8F7BCF19A4D0C100C17F3D /* lib8chk.a in Frameworks */ = {isa = PBXBuildFile; fileRef = FF8F7BCE19A4D0C100C17F3D /* lib8chk.a */; };
		FF8F7BDA19A4D0CB00C17F3D /* 8chk.plist in Resources */ = {isa = PBXBuildFile; fileRef = FF8F7BD219A4D0CB00C17F3D /* 8chk.plist */; };
		FF8F7BDB19A4D0CB00C17F3D /* 8chk.strings in Resources */ = {isa = PBXBuildFile; fileRef = FF8F7BD319A4D0CB00C17F3D /* 8chk.strings */; };
		FF8F7BDC19A4D0CB00C17F3D /* chk8sdk_close.png in Resources */ = {isa = PBXBuildFile; fileRef = FF8F7BD619A4D0CB00C17F3D /* chk8sdk_close.png */; };
		FF8F7BDD19A4D0CB00C17F3D /* chk8sdk_frame_l.png in Resources */ = {isa = PBXBuildFile; fileRef = FF8F7BD719A4D0CB00C17F3D /* chk8sdk_frame_l.png */; };
		FF8F7BDE19A4D0CB00C17F3D /* chk8sdk_frame_p.png in Resources */ = {isa = PBXBuildFile; fileRef = FF8F7BD819A4D0CB00C17F3D /* chk8sdk_frame_p.png */; };
		FF8F7BE019A4D11000C17F3D /* Security.framework in Frameworks */ = {isa = PBXBuildFile; fileRef = FF8F7BDF19A4D11000C17F3D /* Security.framework */; };
		FF9224871998D8D7005B62FB /* libGoogleAdMobAds.a in Frameworks */ = {isa = PBXBuildFile; fileRef = FF9224851998D8D7005B62FB /* libGoogleAdMobAds.a */; };
		FF9224881998D8D7005B62FB /* README.txt in Resources */ = {isa = PBXBuildFile; fileRef = FF9224861998D8D7005B62FB /* README.txt */; };
		FF92248B1998D931005B62FB /* AdSupport.framework in Frameworks */ = {isa = PBXBuildFile; fileRef = FF92248A1998D931005B62FB /* AdSupport.framework */; settings = {ATTRIBUTES = (Weak, ); }; };
		FF92248D1998D93A005B62FB /* AudioToolbox.framework in Frameworks */ = {isa = PBXBuildFile; fileRef = FF92248C1998D93A005B62FB /* AudioToolbox.framework */; };
		FF92248F1998D943005B62FB /* AVFoundation.framework in Frameworks */ = {isa = PBXBuildFile; fileRef = FF92248E1998D943005B62FB /* AVFoundation.framework */; };
		FF9224911998D94F005B62FB /* MessageUI.framework in Frameworks */ = {isa = PBXBuildFile; fileRef = FF9224901998D94F005B62FB /* MessageUI.framework */; };
		FF9224931998D959005B62FB /* StoreKit.framework in Frameworks */ = {isa = PBXBuildFile; fileRef = FF9224921998D959005B62FB /* StoreKit.framework */; };
		FF9224951998D967005B62FB /* SystemConfiguration.framework in Frameworks */ = {isa = PBXBuildFile; fileRef = FF9224941998D967005B62FB /* SystemConfiguration.framework */; };
		FF9224971998DA8A005B62FB /* CoreTelephony.framework in Frameworks */ = {isa = PBXBuildFile; fileRef = FF9224961998DA8A005B62FB /* CoreTelephony.framework */; };
		FF9D39C91996F9DB0097A6C9 /* Foundation.framework in Frameworks */ = {isa = PBXBuildFile; fileRef = FF9D39C81996F9DB0097A6C9 /* Foundation.framework */; };
		FF9D39CB1996F9DC0097A6C9 /* CoreGraphics.framework in Frameworks */ = {isa = PBXBuildFile; fileRef = FF9D39CA1996F9DB0097A6C9 /* CoreGraphics.framework */; };
		FF9D39CD1996F9DC0097A6C9 /* UIKit.framework in Frameworks */ = {isa = PBXBuildFile; fileRef = FF9D39CC1996F9DC0097A6C9 /* UIKit.framework */; };
		FF9D39D31996F9DC0097A6C9 /* InfoPlist.strings in Resources */ = {isa = PBXBuildFile; fileRef = FF9D39D11996F9DC0097A6C9 /* InfoPlist.strings */; };
		FF9D39D51996F9DC0097A6C9 /* main.m in Sources */ = {isa = PBXBuildFile; fileRef = FF9D39D41996F9DC0097A6C9 /* main.m */; };
		FF9D39D91996F9DC0097A6C9 /* AppDelegate.m in Sources */ = {isa = PBXBuildFile; fileRef = FF9D39D81996F9DC0097A6C9 /* AppDelegate.m */; };
		FF9D39E11996F9DC0097A6C9 /* Images.xcassets in Resources */ = {isa = PBXBuildFile; fileRef = FF9D39E01996F9DC0097A6C9 /* Images.xcassets */; };
		FF9D39E81996F9DC0097A6C9 /* XCTest.framework in Frameworks */ = {isa = PBXBuildFile; fileRef = FF9D39E71996F9DC0097A6C9 /* XCTest.framework */; };
		FF9D39E91996F9DC0097A6C9 /* Foundation.framework in Frameworks */ = {isa = PBXBuildFile; fileRef = FF9D39C81996F9DB0097A6C9 /* Foundation.framework */; };
		FF9D39EA1996F9DC0097A6C9 /* UIKit.framework in Frameworks */ = {isa = PBXBuildFile; fileRef = FF9D39CC1996F9DC0097A6C9 /* UIKit.framework */; };
		FF9D39F21996F9DC0097A6C9 /* InfoPlist.strings in Resources */ = {isa = PBXBuildFile; fileRef = FF9D39F01996F9DC0097A6C9 /* InfoPlist.strings */; };
		FF9D39F41996F9DC0097A6C9 /* GameMatomeTests.m in Sources */ = {isa = PBXBuildFile; fileRef = FF9D39F31996F9DC0097A6C9 /* GameMatomeTests.m */; };
		FF9D39FE1996FA250097A6C9 /* Main_iPhone.storyboard in Resources */ = {isa = PBXBuildFile; fileRef = FF9D39FD1996FA250097A6C9 /* Main_iPhone.storyboard */; };
		FF9D3A071996FA570097A6C9 /* ForUseCoreData.m in Sources */ = {isa = PBXBuildFile; fileRef = FF9D3A001996FA570097A6C9 /* ForUseCoreData.m */; };
		FF9D3A081996FA570097A6C9 /* BrouserViewController.m in Sources */ = {isa = PBXBuildFile; fileRef = FF9D3A021996FA570097A6C9 /* BrouserViewController.m */; };
		FF9D3A091996FA570097A6C9 /* NewsViewController.m in Sources */ = {isa = PBXBuildFile; fileRef = FF9D3A041996FA570097A6C9 /* NewsViewController.m */; };
		FF9D3A0A1996FA570097A6C9 /* SettingViewController.m in Sources */ = {isa = PBXBuildFile; fileRef = FF9D3A061996FA570097A6C9 /* SettingViewController.m */; };
		FF9D3A0E1996FA7B0097A6C9 /* GameMatome.xcdatamodeld in Sources */ = {isa = PBXBuildFile; fileRef = FF9D3A0C1996FA7B0097A6C9 /* GameMatome.xcdatamodeld */; };
		FF9D3A101996FCC10097A6C9 /* SitesData.plist in Resources */ = {isa = PBXBuildFile; fileRef = FF9D3A0F1996FCC10097A6C9 /* SitesData.plist */; };
		FF9D3A131996FCE50097A6C9 /* Game.m in Sources */ = {isa = PBXBuildFile; fileRef = FF9D3A121996FCE50097A6C9 /* Game.m */; };
		FF9D3A161996FCE50097A6C9 /* Site.m in Sources */ = {isa = PBXBuildFile; fileRef = FF9D3A151996FCE50097A6C9 /* Site.m */; };
		FF9D3A1C1996FCE50097A6C9 /* Memo.m in Sources */ = {isa = PBXBuildFile; fileRef = FF9D3A1B1996FCE50097A6C9 /* Memo.m */; };
		FF9D3A26199725C70097A6C9 /* DetailSettingViewController.m in Sources */ = {isa = PBXBuildFile; fileRef = FF9D3A25199725C70097A6C9 /* DetailSettingViewController.m */; };
		FF9D3A29199733980097A6C9 /* News.m in Sources */ = {isa = PBXBuildFile; fileRef = FF9D3A28199733980097A6C9 /* News.m */; };
		FF9D3A2B1997540D0097A6C9 /* Social.framework in Frameworks */ = {isa = PBXBuildFile; fileRef = FF9D3A2A1997540D0097A6C9 /* Social.framework */; };
		FF9D3A2D19975EE90097A6C9 /* Twitter.framework in Frameworks */ = {isa = PBXBuildFile; fileRef = FF9D3A2C19975EE90097A6C9 /* Twitter.framework */; };
		FFBA1AA219A8472300749A07 /* GetAffURL.m in Sources */ = {isa = PBXBuildFile; fileRef = FFBA1AA119A8472300749A07 /* GetAffURL.m */; };
		FFBA1AAB19A853D900749A07 /* Affs.m in Sources */ = {isa = PBXBuildFile; fileRef = FFBA1AAA19A853D900749A07 /* Affs.m */; };
/* End PBXBuildFile section */

/* Begin PBXContainerItemProxy section */
		FF9D39EB1996F9DC0097A6C9 /* PBXContainerItemProxy */ = {
			isa = PBXContainerItemProxy;
			containerPortal = FF9D39BD1996F9DB0097A6C9 /* Project object */;
			proxyType = 1;
			remoteGlobalIDString = FF9D39C41996F9DB0097A6C9;
			remoteInfo = GameMatome;
		};
/* End PBXContainerItemProxy section */

/* Begin PBXFileReference section */
		FF29E6C3199C4AE600AF0AD6 /* list.png */ = {isa = PBXFileReference; lastKnownFileType = image.png; path = list.png; sourceTree = "<group>"; };
		FF29E6C5199C4AEB00AF0AD6 /* memo.png */ = {isa = PBXFileReference; lastKnownFileType = image.png; path = memo.png; sourceTree = "<group>"; };
		FF29E6C7199C4AEE00AF0AD6 /* settings.png */ = {isa = PBXFileReference; lastKnownFileType = image.png; path = settings.png; sourceTree = "<group>"; };
		FF29E6C9199C503400AF0AD6 /* noimage.jpg */ = {isa = PBXFileReference; lastKnownFileType = image.jpeg; path = noimage.jpg; sourceTree = "<group>"; };
		FF29E6CC199C5EA800AF0AD6 /* FavoriteViewController.h */ = {isa = PBXFileReference; fileEncoding = 4; lastKnownFileType = sourcecode.c.h; path = FavoriteViewController.h; sourceTree = "<group>"; };
		FF29E6CD199C5EA800AF0AD6 /* FavoriteViewController.m */ = {isa = PBXFileReference; fileEncoding = 4; lastKnownFileType = sourcecode.c.objc; path = FavoriteViewController.m; sourceTree = "<group>"; };
		FF29E6D0199C6E4600AF0AD6 /* MemoViewController.h */ = {isa = PBXFileReference; fileEncoding = 4; lastKnownFileType = sourcecode.c.h; path = MemoViewController.h; sourceTree = "<group>"; };
		FF29E6D1199C6E4600AF0AD6 /* MemoViewController.m */ = {isa = PBXFileReference; fileEncoding = 4; lastKnownFileType = sourcecode.c.objc; path = MemoViewController.m; sourceTree = "<group>"; };
		FF2CD932199CE29E001491BD /* GetGameList.h */ = {isa = PBXFileReference; fileEncoding = 4; lastKnownFileType = sourcecode.c.h; path = GetGameList.h; sourceTree = "<group>"; };
		FF2CD933199CE29E001491BD /* GetGameList.m */ = {isa = PBXFileReference; fileEncoding = 4; lastKnownFileType = sourcecode.c.objc; path = GetGameList.m; sourceTree = "<group>"; };
		FF2CD935199CE2AB001491BD /* GetSiteList.h */ = {isa = PBXFileReference; fileEncoding = 4; lastKnownFileType = sourcecode.c.h; path = GetSiteList.h; sourceTree = "<group>"; };
		FF2CD936199CE2AB001491BD /* GetSiteList.m */ = {isa = PBXFileReference; fileEncoding = 4; lastKnownFileType = sourcecode.c.objc; path = GetSiteList.m; sourceTree = "<group>"; };
		FF2CD938199CE95B001491BD /* GetUpdate.h */ = {isa = PBXFileReference; fileEncoding = 4; lastKnownFileType = sourcecode.c.h; path = GetUpdate.h; sourceTree = "<group>"; };
		FF2CD939199CE95B001491BD /* GetUpdate.m */ = {isa = PBXFileReference; fileEncoding = 4; lastKnownFileType = sourcecode.c.objc; path = GetUpdate.m; sourceTree = "<group>"; };
		FF3390B0199D272D006C407F /* favorite.png */ = {isa = PBXFileReference; lastKnownFileType = image.png; path = favorite.png; sourceTree = "<group>"; };
		FF3390B6199D86BC006C407F /* libsqlite3.0.dylib */ = {isa = PBXFileReference; lastKnownFileType = "compiled.mach-o.dylib"; name = libsqlite3.0.dylib; path = usr/lib/libsqlite3.0.dylib; sourceTree = SDKROOT; };
		FF3390BB199D8BE1006C407F /* Parser.h */ = {isa = PBXFileReference; fileEncoding = 4; lastKnownFileType = sourcecode.c.h; path = Parser.h; sourceTree = "<group>"; };
		FF3390BC199D8BE1006C407F /* Parser.m */ = {isa = PBXFileReference; fileEncoding = 4; lastKnownFileType = sourcecode.c.objc; path = Parser.m; sourceTree = "<group>"; };
		FF3D0C1E1A05E71200AF309A /* GetNewsList.h */ = {isa = PBXFileReference; fileEncoding = 4; lastKnownFileType = sourcecode.c.h; path = GetNewsList.h; sourceTree = "<group>"; };
		FF3D0C1F1A05E71200AF309A /* GetNewsList.m */ = {isa = PBXFileReference; fileEncoding = 4; lastKnownFileType = sourcecode.c.objc; path = GetNewsList.m; sourceTree = "<group>"; };
		FF8F7BBE19A0A79E00C17F3D /* memo_blue.png */ = {isa = PBXFileReference; lastKnownFileType = image.png; path = memo_blue.png; sourceTree = "<group>"; };
		FF8F7BC519A4D0C100C17F3D /* ChkApplicationOptional.h */ = {isa = PBXFileReference; fileEncoding = 4; lastKnownFileType = sourcecode.c.h; path = ChkApplicationOptional.h; sourceTree = "<group>"; };
		FF8F7BC619A4D0C100C17F3D /* ChkConfig.h */ = {isa = PBXFileReference; fileEncoding = 4; lastKnownFileType = sourcecode.c.h; path = ChkConfig.h; sourceTree = "<group>"; };
		FF8F7BC719A4D0C100C17F3D /* ChkController.h */ = {isa = PBXFileReference; fileEncoding = 4; lastKnownFileType = sourcecode.c.h; path = ChkController.h; sourceTree = "<group>"; };
		FF8F7BC819A4D0C100C17F3D /* ChkControllerDelegate.h */ = {isa = PBXFileReference; fileEncoding = 4; lastKnownFileType = sourcecode.c.h; path = ChkControllerDelegate.h; sourceTree = "<group>"; };
		FF8F7BC919A4D0C100C17F3D /* ChkControllerNetworkNotifyDelegate.h */ = {isa = PBXFileReference; fileEncoding = 4; lastKnownFileType = sourcecode.c.h; path = ChkControllerNetworkNotifyDelegate.h; sourceTree = "<group>"; };
		FF8F7BCA19A4D0C100C17F3D /* ChkInterstitial.h */ = {isa = PBXFileReference; fileEncoding = 4; lastKnownFileType = sourcecode.c.h; path = ChkInterstitial.h; sourceTree = "<group>"; };
		FF8F7BCB19A4D0C100C17F3D /* ChkInterstitialDelegate.h */ = {isa = PBXFileReference; fileEncoding = 4; lastKnownFileType = sourcecode.c.h; path = ChkInterstitialDelegate.h; sourceTree = "<group>"; };
		FF8F7BCC19A4D0C100C17F3D /* ChkRecordData.h */ = {isa = PBXFileReference; fileEncoding = 4; lastKnownFileType = sourcecode.c.h; path = ChkRecordData.h; sourceTree = "<group>"; };
		FF8F7BCD19A4D0C100C17F3D /* ChkSecurityNotifyDelegate.h */ = {isa = PBXFileReference; fileEncoding = 4; lastKnownFileType = sourcecode.c.h; path = ChkSecurityNotifyDelegate.h; sourceTree = "<group>"; };
		FF8F7BCE19A4D0C100C17F3D /* lib8chk.a */ = {isa = PBXFileReference; lastKnownFileType = archive.ar; path = lib8chk.a; sourceTree = "<group>"; };
		FF8F7BD219A4D0CB00C17F3D /* 8chk.plist */ = {isa = PBXFileReference; fileEncoding = 4; lastKnownFileType = text.plist.xml; path = 8chk.plist; sourceTree = "<group>"; };
		FF8F7BD419A4D0CB00C17F3D /* en */ = {isa = PBXFileReference; lastKnownFileType = text.plist.strings; name = en; path = en.lproj/8chk.strings; sourceTree = "<group>"; };
		FF8F7BD619A4D0CB00C17F3D /* chk8sdk_close.png */ = {isa = PBXFileReference; lastKnownFileType = image.png; path = chk8sdk_close.png; sourceTree = "<group>"; };
		FF8F7BD719A4D0CB00C17F3D /* chk8sdk_frame_l.png */ = {isa = PBXFileReference; lastKnownFileType = image.png; path = chk8sdk_frame_l.png; sourceTree = "<group>"; };
		FF8F7BD819A4D0CB00C17F3D /* chk8sdk_frame_p.png */ = {isa = PBXFileReference; lastKnownFileType = image.png; path = chk8sdk_frame_p.png; sourceTree = "<group>"; };
		FF8F7BD919A4D0CB00C17F3D /* ja */ = {isa = PBXFileReference; lastKnownFileType = text.plist.strings; name = ja; path = ja.lproj/8chk.strings; sourceTree = "<group>"; };
		FF8F7BDF19A4D11000C17F3D /* Security.framework */ = {isa = PBXFileReference; lastKnownFileType = wrapper.framework; name = Security.framework; path = System/Library/Frameworks/Security.framework; sourceTree = SDKROOT; };
		FF9224791998D8D7005B62FB /* GADAdMobExtras.h */ = {isa = PBXFileReference; fileEncoding = 4; lastKnownFileType = sourcecode.c.h; path = GADAdMobExtras.h; sourceTree = "<group>"; };
		FF92247A1998D8D7005B62FB /* GADAdNetworkExtras.h */ = {isa = PBXFileReference; fileEncoding = 4; lastKnownFileType = sourcecode.c.h; path = GADAdNetworkExtras.h; sourceTree = "<group>"; };
		FF92247B1998D8D7005B62FB /* GADAdSize.h */ = {isa = PBXFileReference; fileEncoding = 4; lastKnownFileType = sourcecode.c.h; path = GADAdSize.h; sourceTree = "<group>"; };
		FF92247C1998D8D7005B62FB /* GADBannerView.h */ = {isa = PBXFileReference; fileEncoding = 4; lastKnownFileType = sourcecode.c.h; path = GADBannerView.h; sourceTree = "<group>"; };
		FF92247D1998D8D7005B62FB /* GADBannerViewDelegate.h */ = {isa = PBXFileReference; fileEncoding = 4; lastKnownFileType = sourcecode.c.h; path = GADBannerViewDelegate.h; sourceTree = "<group>"; };
		FF92247E1998D8D7005B62FB /* GADInAppPurchase.h */ = {isa = PBXFileReference; fileEncoding = 4; lastKnownFileType = sourcecode.c.h; path = GADInAppPurchase.h; sourceTree = "<group>"; };
		FF92247F1998D8D7005B62FB /* GADInAppPurchaseDelegate.h */ = {isa = PBXFileReference; fileEncoding = 4; lastKnownFileType = sourcecode.c.h; path = GADInAppPurchaseDelegate.h; sourceTree = "<group>"; };
		FF9224801998D8D7005B62FB /* GADInterstitial.h */ = {isa = PBXFileReference; fileEncoding = 4; lastKnownFileType = sourcecode.c.h; path = GADInterstitial.h; sourceTree = "<group>"; };
		FF9224811998D8D7005B62FB /* GADInterstitialDelegate.h */ = {isa = PBXFileReference; fileEncoding = 4; lastKnownFileType = sourcecode.c.h; path = GADInterstitialDelegate.h; sourceTree = "<group>"; };
		FF9224821998D8D7005B62FB /* GADModules.h */ = {isa = PBXFileReference; fileEncoding = 4; lastKnownFileType = sourcecode.c.h; path = GADModules.h; sourceTree = "<group>"; };
		FF9224831998D8D7005B62FB /* GADRequest.h */ = {isa = PBXFileReference; fileEncoding = 4; lastKnownFileType = sourcecode.c.h; path = GADRequest.h; sourceTree = "<group>"; };
		FF9224841998D8D7005B62FB /* GADRequestError.h */ = {isa = PBXFileReference; fileEncoding = 4; lastKnownFileType = sourcecode.c.h; path = GADRequestError.h; sourceTree = "<group>"; };
		FF9224851998D8D7005B62FB /* libGoogleAdMobAds.a */ = {isa = PBXFileReference; lastKnownFileType = archive.ar; path = libGoogleAdMobAds.a; sourceTree = "<group>"; };
		FF9224861998D8D7005B62FB /* README.txt */ = {isa = PBXFileReference; fileEncoding = 4; lastKnownFileType = text; path = README.txt; sourceTree = "<group>"; };
		FF92248A1998D931005B62FB /* AdSupport.framework */ = {isa = PBXFileReference; lastKnownFileType = wrapper.framework; name = AdSupport.framework; path = System/Library/Frameworks/AdSupport.framework; sourceTree = SDKROOT; };
		FF92248C1998D93A005B62FB /* AudioToolbox.framework */ = {isa = PBXFileReference; lastKnownFileType = wrapper.framework; name = AudioToolbox.framework; path = System/Library/Frameworks/AudioToolbox.framework; sourceTree = SDKROOT; };
		FF92248E1998D943005B62FB /* AVFoundation.framework */ = {isa = PBXFileReference; lastKnownFileType = wrapper.framework; name = AVFoundation.framework; path = System/Library/Frameworks/AVFoundation.framework; sourceTree = SDKROOT; };
		FF9224901998D94F005B62FB /* MessageUI.framework */ = {isa = PBXFileReference; lastKnownFileType = wrapper.framework; name = MessageUI.framework; path = System/Library/Frameworks/MessageUI.framework; sourceTree = SDKROOT; };
		FF9224921998D959005B62FB /* StoreKit.framework */ = {isa = PBXFileReference; lastKnownFileType = wrapper.framework; name = StoreKit.framework; path = System/Library/Frameworks/StoreKit.framework; sourceTree = SDKROOT; };
		FF9224941998D967005B62FB /* SystemConfiguration.framework */ = {isa = PBXFileReference; lastKnownFileType = wrapper.framework; name = SystemConfiguration.framework; path = System/Library/Frameworks/SystemConfiguration.framework; sourceTree = SDKROOT; };
		FF9224961998DA8A005B62FB /* CoreTelephony.framework */ = {isa = PBXFileReference; lastKnownFileType = wrapper.framework; name = CoreTelephony.framework; path = System/Library/Frameworks/CoreTelephony.framework; sourceTree = SDKROOT; };
		FF9D39C51996F9DB0097A6C9 /* GameMatome.app */ = {isa = PBXFileReference; explicitFileType = wrapper.application; includeInIndex = 0; path = GameMatome.app; sourceTree = BUILT_PRODUCTS_DIR; };
		FF9D39C81996F9DB0097A6C9 /* Foundation.framework */ = {isa = PBXFileReference; lastKnownFileType = wrapper.framework; name = Foundation.framework; path = System/Library/Frameworks/Foundation.framework; sourceTree = SDKROOT; };
		FF9D39CA1996F9DB0097A6C9 /* CoreGraphics.framework */ = {isa = PBXFileReference; lastKnownFileType = wrapper.framework; name = CoreGraphics.framework; path = System/Library/Frameworks/CoreGraphics.framework; sourceTree = SDKROOT; };
		FF9D39CC1996F9DC0097A6C9 /* UIKit.framework */ = {isa = PBXFileReference; lastKnownFileType = wrapper.framework; name = UIKit.framework; path = System/Library/Frameworks/UIKit.framework; sourceTree = SDKROOT; };
		FF9D39D01996F9DC0097A6C9 /* GameMatome-Info.plist */ = {isa = PBXFileReference; lastKnownFileType = text.plist.xml; path = "GameMatome-Info.plist"; sourceTree = "<group>"; };
		FF9D39D21996F9DC0097A6C9 /* en */ = {isa = PBXFileReference; lastKnownFileType = text.plist.strings; name = en; path = en.lproj/InfoPlist.strings; sourceTree = "<group>"; };
		FF9D39D41996F9DC0097A6C9 /* main.m */ = {isa = PBXFileReference; lastKnownFileType = sourcecode.c.objc; path = main.m; sourceTree = "<group>"; };
		FF9D39D61996F9DC0097A6C9 /* GameMatome-Prefix.pch */ = {isa = PBXFileReference; lastKnownFileType = sourcecode.c.h; path = "GameMatome-Prefix.pch"; sourceTree = "<group>"; };
		FF9D39D71996F9DC0097A6C9 /* AppDelegate.h */ = {isa = PBXFileReference; lastKnownFileType = sourcecode.c.h; path = AppDelegate.h; sourceTree = "<group>"; };
		FF9D39D81996F9DC0097A6C9 /* AppDelegate.m */ = {isa = PBXFileReference; lastKnownFileType = sourcecode.c.objc; path = AppDelegate.m; sourceTree = "<group>"; };
		FF9D39E01996F9DC0097A6C9 /* Images.xcassets */ = {isa = PBXFileReference; lastKnownFileType = folder.assetcatalog; path = Images.xcassets; sourceTree = "<group>"; };
		FF9D39E61996F9DC0097A6C9 /* GameMatomeTests.xctest */ = {isa = PBXFileReference; explicitFileType = wrapper.cfbundle; includeInIndex = 0; path = GameMatomeTests.xctest; sourceTree = BUILT_PRODUCTS_DIR; };
		FF9D39E71996F9DC0097A6C9 /* XCTest.framework */ = {isa = PBXFileReference; lastKnownFileType = wrapper.framework; name = XCTest.framework; path = Library/Frameworks/XCTest.framework; sourceTree = DEVELOPER_DIR; };
		FF9D39EF1996F9DC0097A6C9 /* GameMatomeTests-Info.plist */ = {isa = PBXFileReference; lastKnownFileType = text.plist.xml; path = "GameMatomeTests-Info.plist"; sourceTree = "<group>"; };
		FF9D39F11996F9DC0097A6C9 /* en */ = {isa = PBXFileReference; lastKnownFileType = text.plist.strings; name = en; path = en.lproj/InfoPlist.strings; sourceTree = "<group>"; };
		FF9D39F31996F9DC0097A6C9 /* GameMatomeTests.m */ = {isa = PBXFileReference; lastKnownFileType = sourcecode.c.objc; path = GameMatomeTests.m; sourceTree = "<group>"; };
		FF9D39FD1996FA250097A6C9 /* Main_iPhone.storyboard */ = {isa = PBXFileReference; fileEncoding = 4; lastKnownFileType = file.storyboard; path = Main_iPhone.storyboard; sourceTree = "<group>"; };
		FF9D39FF1996FA570097A6C9 /* ForUseCoreData.h */ = {isa = PBXFileReference; fileEncoding = 4; lastKnownFileType = sourcecode.c.h; path = ForUseCoreData.h; sourceTree = "<group>"; };
		FF9D3A001996FA570097A6C9 /* ForUseCoreData.m */ = {isa = PBXFileReference; fileEncoding = 4; lastKnownFileType = sourcecode.c.objc; path = ForUseCoreData.m; sourceTree = "<group>"; };
		FF9D3A011996FA570097A6C9 /* BrouserViewController.h */ = {isa = PBXFileReference; fileEncoding = 4; lastKnownFileType = sourcecode.c.h; path = BrouserViewController.h; sourceTree = "<group>"; };
		FF9D3A021996FA570097A6C9 /* BrouserViewController.m */ = {isa = PBXFileReference; fileEncoding = 4; lastKnownFileType = sourcecode.c.objc; path = BrouserViewController.m; sourceTree = "<group>"; };
		FF9D3A031996FA570097A6C9 /* NewsViewController.h */ = {isa = PBXFileReference; fileEncoding = 4; lastKnownFileType = sourcecode.c.h; path = NewsViewController.h; sourceTree = "<group>"; };
		FF9D3A041996FA570097A6C9 /* NewsViewController.m */ = {isa = PBXFileReference; fileEncoding = 4; lastKnownFileType = sourcecode.c.objc; path = NewsViewController.m; sourceTree = "<group>"; };
		FF9D3A051996FA570097A6C9 /* SettingViewController.h */ = {isa = PBXFileReference; fileEncoding = 4; lastKnownFileType = sourcecode.c.h; path = SettingViewController.h; sourceTree = "<group>"; };
		FF9D3A061996FA570097A6C9 /* SettingViewController.m */ = {isa = PBXFileReference; fileEncoding = 4; lastKnownFileType = sourcecode.c.objc; path = SettingViewController.m; sourceTree = "<group>"; };
		FF9D3A0D1996FA7B0097A6C9 /* GameMatome.xcdatamodel */ = {isa = PBXFileReference; lastKnownFileType = wrapper.xcdatamodel; path = GameMatome.xcdatamodel; sourceTree = "<group>"; };
		FF9D3A0F1996FCC10097A6C9 /* SitesData.plist */ = {isa = PBXFileReference; fileEncoding = 4; lastKnownFileType = text.plist.xml; path = SitesData.plist; sourceTree = "<group>"; };
		FF9D3A111996FCE50097A6C9 /* Game.h */ = {isa = PBXFileReference; fileEncoding = 4; lastKnownFileType = sourcecode.c.h; path = Game.h; sourceTree = "<group>"; };
		FF9D3A121996FCE50097A6C9 /* Game.m */ = {isa = PBXFileReference; fileEncoding = 4; lastKnownFileType = sourcecode.c.objc; path = Game.m; sourceTree = "<group>"; };
		FF9D3A141996FCE50097A6C9 /* Site.h */ = {isa = PBXFileReference; fileEncoding = 4; lastKnownFileType = sourcecode.c.h; path = Site.h; sourceTree = "<group>"; };
		FF9D3A151996FCE50097A6C9 /* Site.m */ = {isa = PBXFileReference; fileEncoding = 4; lastKnownFileType = sourcecode.c.objc; path = Site.m; sourceTree = "<group>"; };
		FF9D3A1A1996FCE50097A6C9 /* Memo.h */ = {isa = PBXFileReference; fileEncoding = 4; lastKnownFileType = sourcecode.c.h; path = Memo.h; sourceTree = "<group>"; };
		FF9D3A1B1996FCE50097A6C9 /* Memo.m */ = {isa = PBXFileReference; fileEncoding = 4; lastKnownFileType = sourcecode.c.objc; path = Memo.m; sourceTree = "<group>"; };
		FF9D3A24199725C70097A6C9 /* DetailSettingViewController.h */ = {isa = PBXFileReference; fileEncoding = 4; lastKnownFileType = sourcecode.c.h; path = DetailSettingViewController.h; sourceTree = "<group>"; };
		FF9D3A25199725C70097A6C9 /* DetailSettingViewController.m */ = {isa = PBXFileReference; fileEncoding = 4; lastKnownFileType = sourcecode.c.objc; path = DetailSettingViewController.m; sourceTree = "<group>"; };
		FF9D3A27199733980097A6C9 /* News.h */ = {isa = PBXFileReference; fileEncoding = 4; lastKnownFileType = sourcecode.c.h; path = News.h; sourceTree = "<group>"; };
		FF9D3A28199733980097A6C9 /* News.m */ = {isa = PBXFileReference; fileEncoding = 4; lastKnownFileType = sourcecode.c.objc; path = News.m; sourceTree = "<group>"; };
		FF9D3A2A1997540D0097A6C9 /* Social.framework */ = {isa = PBXFileReference; lastKnownFileType = wrapper.framework; name = Social.framework; path = System/Library/Frameworks/Social.framework; sourceTree = SDKROOT; };
		FF9D3A2C19975EE90097A6C9 /* Twitter.framework */ = {isa = PBXFileReference; lastKnownFileType = wrapper.framework; name = Twitter.framework; path = System/Library/Frameworks/Twitter.framework; sourceTree = SDKROOT; };
		FFBA1AA019A8472300749A07 /* GetAffURL.h */ = {isa = PBXFileReference; fileEncoding = 4; lastKnownFileType = sourcecode.c.h; path = GetAffURL.h; sourceTree = "<group>"; };
		FFBA1AA119A8472300749A07 /* GetAffURL.m */ = {isa = PBXFileReference; fileEncoding = 4; lastKnownFileType = sourcecode.c.objc; path = GetAffURL.m; sourceTree = "<group>"; };
		FFBA1AA919A853D900749A07 /* Affs.h */ = {isa = PBXFileReference; fileEncoding = 4; lastKnownFileType = sourcecode.c.h; path = Affs.h; sourceTree = "<group>"; };
		FFBA1AAA19A853D900749A07 /* Affs.m */ = {isa = PBXFileReference; fileEncoding = 4; lastKnownFileType = sourcecode.c.objc; path = Affs.m; sourceTree = "<group>"; };
/* End PBXFileReference section */

/* Begin PBXFrameworksBuildPhase section */
		FF9D39C21996F9DB0097A6C9 /* Frameworks */ = {
			isa = PBXFrameworksBuildPhase;
			buildActionMask = 2147483647;
			files = (
				FF8F7BE019A4D11000C17F3D /* Security.framework in Frameworks */,
				FF3390B7199D86BC006C407F /* libsqlite3.0.dylib in Frameworks */,
				FF9224971998DA8A005B62FB /* CoreTelephony.framework in Frameworks */,
				FF9224951998D967005B62FB /* SystemConfiguration.framework in Frameworks */,
				FF9224931998D959005B62FB /* StoreKit.framework in Frameworks */,
				FF9224911998D94F005B62FB /* MessageUI.framework in Frameworks */,
				FF92248F1998D943005B62FB /* AVFoundation.framework in Frameworks */,
				FF92248D1998D93A005B62FB /* AudioToolbox.framework in Frameworks */,
				FF92248B1998D931005B62FB /* AdSupport.framework in Frameworks */,
				FF9D3A2D19975EE90097A6C9 /* Twitter.framework in Frameworks */,
				FF9D3A2B1997540D0097A6C9 /* Social.framework in Frameworks */,
				FF9D39CB1996F9DC0097A6C9 /* CoreGraphics.framework in Frameworks */,
				FF9D39CD1996F9DC0097A6C9 /* UIKit.framework in Frameworks */,
				FF9D39C91996F9DB0097A6C9 /* Foundation.framework in Frameworks */,
				FF9224871998D8D7005B62FB /* libGoogleAdMobAds.a in Frameworks */,
				FF8F7BCF19A4D0C100C17F3D /* lib8chk.a in Frameworks */,
			);
			runOnlyForDeploymentPostprocessing = 0;
		};
		FF9D39E31996F9DC0097A6C9 /* Frameworks */ = {
			isa = PBXFrameworksBuildPhase;
			buildActionMask = 2147483647;
			files = (
				FF9D39E81996F9DC0097A6C9 /* XCTest.framework in Frameworks */,
				FF9D39EA1996F9DC0097A6C9 /* UIKit.framework in Frameworks */,
				FF9D39E91996F9DC0097A6C9 /* Foundation.framework in Frameworks */,
			);
			runOnlyForDeploymentPostprocessing = 0;
		};
/* End PBXFrameworksBuildPhase section */

/* Begin PBXGroup section */
		FF29E6BE199C458D00AF0AD6 /* img */ = {
			isa = PBXGroup;
			children = (
				FF8F7BBE19A0A79E00C17F3D /* memo_blue.png */,
				FF29E6C9199C503400AF0AD6 /* noimage.jpg */,
				FF29E6C5199C4AEB00AF0AD6 /* memo.png */,
				FF3390B0199D272D006C407F /* favorite.png */,
				FF29E6C7199C4AEE00AF0AD6 /* settings.png */,
				FF29E6C3199C4AE600AF0AD6 /* list.png */,
			);
			name = img;
			sourceTree = "<group>";
		};
		FF29E6CB199C5E9800AF0AD6 /* FavoriteView */ = {
			isa = PBXGroup;
			children = (
				FF29E6CC199C5EA800AF0AD6 /* FavoriteViewController.h */,
				FF29E6CD199C5EA800AF0AD6 /* FavoriteViewController.m */,
			);
			name = FavoriteView;
			sourceTree = "<group>";
		};
		FF29E6CF199C6E3200AF0AD6 /* MemoView */ = {
			isa = PBXGroup;
			children = (
				FF29E6D0199C6E4600AF0AD6 /* MemoViewController.h */,
				FF29E6D1199C6E4600AF0AD6 /* MemoViewController.m */,
			);
			name = MemoView;
			sourceTree = "<group>";
		};
		FF3390B8199D8BA7006C407F /* DBConnection */ = {
			isa = PBXGroup;
			children = (
				FF2CD932199CE29E001491BD /* GetGameList.h */,
				FF2CD933199CE29E001491BD /* GetGameList.m */,
				FF2CD935199CE2AB001491BD /* GetSiteList.h */,
				FF2CD936199CE2AB001491BD /* GetSiteList.m */,
				FF2CD938199CE95B001491BD /* GetUpdate.h */,
				FF2CD939199CE95B001491BD /* GetUpdate.m */,
				FFBA1AA019A8472300749A07 /* GetAffURL.h */,
				FFBA1AA119A8472300749A07 /* GetAffURL.m */,
				FF3D0C1E1A05E71200AF309A /* GetNewsList.h */,
				FF3D0C1F1A05E71200AF309A /* GetNewsList.m */,
			);
			name = DBConnection;
			sourceTree = "<group>";
		};
		FF3390BA199D8BCE006C407F /* Parser */ = {
			isa = PBXGroup;
			children = (
				FF3390BB199D8BE1006C407F /* Parser.h */,
				FF3390BC199D8BE1006C407F /* Parser.m */,
			);
			name = Parser;
			sourceTree = "<group>";
		};
		FF8F7BC419A4D0C100C17F3D /* 8chk */ = {
			isa = PBXGroup;
			children = (
				FF8F7BC519A4D0C100C17F3D /* ChkApplicationOptional.h */,
				FF8F7BC619A4D0C100C17F3D /* ChkConfig.h */,
				FF8F7BC719A4D0C100C17F3D /* ChkController.h */,
				FF8F7BC819A4D0C100C17F3D /* ChkControllerDelegate.h */,
				FF8F7BC919A4D0C100C17F3D /* ChkControllerNetworkNotifyDelegate.h */,
				FF8F7BCA19A4D0C100C17F3D /* ChkInterstitial.h */,
				FF8F7BCB19A4D0C100C17F3D /* ChkInterstitialDelegate.h */,
				FF8F7BCC19A4D0C100C17F3D /* ChkRecordData.h */,
				FF8F7BCD19A4D0C100C17F3D /* ChkSecurityNotifyDelegate.h */,
				FF8F7BCE19A4D0C100C17F3D /* lib8chk.a */,
			);
			path = 8chk;
			sourceTree = "<group>";
		};
		FF8F7BD019A4D0CB00C17F3D /* Resources */ = {
			isa = PBXGroup;
			children = (
				FF8F7BD119A4D0CB00C17F3D /* 8chk */,
			);
			name = Resources;
			path = resources;
			sourceTree = "<group>";
		};
		FF8F7BD119A4D0CB00C17F3D /* 8chk */ = {
			isa = PBXGroup;
			children = (
				FF8F7BD219A4D0CB00C17F3D /* 8chk.plist */,
				FF8F7BD319A4D0CB00C17F3D /* 8chk.strings */,
				FF8F7BD519A4D0CB00C17F3D /* interstitial */,
			);
			path = 8chk;
			sourceTree = "<group>";
		};
		FF8F7BD519A4D0CB00C17F3D /* interstitial */ = {
			isa = PBXGroup;
			children = (
				FF8F7BD619A4D0CB00C17F3D /* chk8sdk_close.png */,
				FF8F7BD719A4D0CB00C17F3D /* chk8sdk_frame_l.png */,
				FF8F7BD819A4D0CB00C17F3D /* chk8sdk_frame_p.png */,
			);
			path = interstitial;
			sourceTree = "<group>";
		};
		FF9224891998D8E8005B62FB /* Admob */ = {
			isa = PBXGroup;
			children = (
				FF9224791998D8D7005B62FB /* GADAdMobExtras.h */,
				FF92247A1998D8D7005B62FB /* GADAdNetworkExtras.h */,
				FF92247B1998D8D7005B62FB /* GADAdSize.h */,
				FF92247C1998D8D7005B62FB /* GADBannerView.h */,
				FF92247D1998D8D7005B62FB /* GADBannerViewDelegate.h */,
				FF92247E1998D8D7005B62FB /* GADInAppPurchase.h */,
				FF92247F1998D8D7005B62FB /* GADInAppPurchaseDelegate.h */,
				FF9224801998D8D7005B62FB /* GADInterstitial.h */,
				FF9224811998D8D7005B62FB /* GADInterstitialDelegate.h */,
				FF9224821998D8D7005B62FB /* GADModules.h */,
				FF9224831998D8D7005B62FB /* GADRequest.h */,
				FF9224841998D8D7005B62FB /* GADRequestError.h */,
				FF9224851998D8D7005B62FB /* libGoogleAdMobAds.a */,
				FF9224861998D8D7005B62FB /* README.txt */,
			);
			name = Admob;
			sourceTree = "<group>";
		};
		FF9D39BC1996F9DB0097A6C9 = {
			isa = PBXGroup;
			children = (
				FF8F7BD019A4D0CB00C17F3D /* Resources */,
				FF8F7BC419A4D0C100C17F3D /* 8chk */,
				FF29E6BE199C458D00AF0AD6 /* img */,
				FF9224891998D8E8005B62FB /* Admob */,
				FF9D39CE1996F9DC0097A6C9 /* GameMatome */,
				FF9D39ED1996F9DC0097A6C9 /* GameMatomeTests */,
				FF9D39C71996F9DB0097A6C9 /* Frameworks */,
				FF9D39C61996F9DB0097A6C9 /* Products */,
			);
			sourceTree = "<group>";
		};
		FF9D39C61996F9DB0097A6C9 /* Products */ = {
			isa = PBXGroup;
			children = (
				FF9D39C51996F9DB0097A6C9 /* GameMatome.app */,
				FF9D39E61996F9DC0097A6C9 /* GameMatomeTests.xctest */,
			);
			name = Products;
			sourceTree = "<group>";
		};
		FF9D39C71996F9DB0097A6C9 /* Frameworks */ = {
			isa = PBXGroup;
			children = (
				FF8F7BDF19A4D11000C17F3D /* Security.framework */,
				FF3390B6199D86BC006C407F /* libsqlite3.0.dylib */,
				FF9224961998DA8A005B62FB /* CoreTelephony.framework */,
				FF9224941998D967005B62FB /* SystemConfiguration.framework */,
				FF9224921998D959005B62FB /* StoreKit.framework */,
				FF9224901998D94F005B62FB /* MessageUI.framework */,
				FF92248E1998D943005B62FB /* AVFoundation.framework */,
				FF92248C1998D93A005B62FB /* AudioToolbox.framework */,
				FF92248A1998D931005B62FB /* AdSupport.framework */,
				FF9D3A2C19975EE90097A6C9 /* Twitter.framework */,
				FF9D3A2A1997540D0097A6C9 /* Social.framework */,
				FF9D39C81996F9DB0097A6C9 /* Foundation.framework */,
				FF9D39CA1996F9DB0097A6C9 /* CoreGraphics.framework */,
				FF9D39CC1996F9DC0097A6C9 /* UIKit.framework */,
				FF9D39E71996F9DC0097A6C9 /* XCTest.framework */,
			);
			name = Frameworks;
			sourceTree = "<group>";
		};
		FF9D39CE1996F9DC0097A6C9 /* GameMatome */ = {
			isa = PBXGroup;
			children = (
				FF9D3A1F1996FD780097A6C9 /* ViewController */,
				FF9D3A1E1996FD6A0097A6C9 /* ForUseCoreData */,
				FF9D3A1D1996FD5E0097A6C9 /* SitesData */,
				FF9D3A0B1996FA6C0097A6C9 /* ManagedObject */,
				FF9D39FD1996FA250097A6C9 /* Main_iPhone.storyboard */,
				FF9D39D71996F9DC0097A6C9 /* AppDelegate.h */,
				FF9D39D81996F9DC0097A6C9 /* AppDelegate.m */,
				FF9D39E01996F9DC0097A6C9 /* Images.xcassets */,
				FF9D39CF1996F9DC0097A6C9 /* Supporting Files */,
			);
			path = GameMatome;
			sourceTree = "<group>";
		};
		FF9D39CF1996F9DC0097A6C9 /* Supporting Files */ = {
			isa = PBXGroup;
			children = (
				FF9D39D01996F9DC0097A6C9 /* GameMatome-Info.plist */,
				FF9D39D11996F9DC0097A6C9 /* InfoPlist.strings */,
				FF9D39D41996F9DC0097A6C9 /* main.m */,
				FF9D39D61996F9DC0097A6C9 /* GameMatome-Prefix.pch */,
			);
			name = "Supporting Files";
			sourceTree = "<group>";
		};
		FF9D39ED1996F9DC0097A6C9 /* GameMatomeTests */ = {
			isa = PBXGroup;
			children = (
				FF9D39F31996F9DC0097A6C9 /* GameMatomeTests.m */,
				FF9D39EE1996F9DC0097A6C9 /* Supporting Files */,
			);
			path = GameMatomeTests;
			sourceTree = "<group>";
		};
		FF9D39EE1996F9DC0097A6C9 /* Supporting Files */ = {
			isa = PBXGroup;
			children = (
				FF9D39EF1996F9DC0097A6C9 /* GameMatomeTests-Info.plist */,
				FF9D39F01996F9DC0097A6C9 /* InfoPlist.strings */,
			);
			name = "Supporting Files";
			sourceTree = "<group>";
		};
		FF9D3A0B1996FA6C0097A6C9 /* ManagedObject */ = {
			isa = PBXGroup;
			children = (
				FF9D3A0C1996FA7B0097A6C9 /* GameMatome.xcdatamodeld */,
				FFBA1AA919A853D900749A07 /* Affs.h */,
				FFBA1AAA19A853D900749A07 /* Affs.m */,
				FF9D3A1A1996FCE50097A6C9 /* Memo.h */,
				FF9D3A1B1996FCE50097A6C9 /* Memo.m */,
				FF9D3A141996FCE50097A6C9 /* Site.h */,
				FF9D3A151996FCE50097A6C9 /* Site.m */,
				FF9D3A111996FCE50097A6C9 /* Game.h */,
				FF9D3A121996FCE50097A6C9 /* Game.m */,
				FF9D3A27199733980097A6C9 /* News.h */,
				FF9D3A28199733980097A6C9 /* News.m */,
			);
			name = ManagedObject;
			sourceTree = "<group>";
		};
		FF9D3A1D1996FD5E0097A6C9 /* SitesData */ = {
			isa = PBXGroup;
			children = (
				FF3390BA199D8BCE006C407F /* Parser */,
				FF3390B8199D8BA7006C407F /* DBConnection */,
				FF9D3A0F1996FCC10097A6C9 /* SitesData.plist */,
			);
			name = SitesData;
			sourceTree = "<group>";
		};
		FF9D3A1E1996FD6A0097A6C9 /* ForUseCoreData */ = {
			isa = PBXGroup;
			children = (
				FF9D39FF1996FA570097A6C9 /* ForUseCoreData.h */,
				FF9D3A001996FA570097A6C9 /* ForUseCoreData.m */,
			);
			name = ForUseCoreData;
			sourceTree = "<group>";
		};
		FF9D3A1F1996FD780097A6C9 /* ViewController */ = {
			isa = PBXGroup;
			children = (
				FF29E6CF199C6E3200AF0AD6 /* MemoView */,
				FF29E6CB199C5E9800AF0AD6 /* FavoriteView */,
				FF9D3A221996FDA50097A6C9 /* SettingView */,
				FF9D3A211996FD9C0097A6C9 /* NewsView */,
				FF9D3A201996FD8F0097A6C9 /* BrouserView */,
			);
			name = ViewController;
			sourceTree = "<group>";
		};
		FF9D3A201996FD8F0097A6C9 /* BrouserView */ = {
			isa = PBXGroup;
			children = (
				FF9D3A011996FA570097A6C9 /* BrouserViewController.h */,
				FF9D3A021996FA570097A6C9 /* BrouserViewController.m */,
			);
			name = BrouserView;
			sourceTree = "<group>";
		};
		FF9D3A211996FD9C0097A6C9 /* NewsView */ = {
			isa = PBXGroup;
			children = (
				FF9D3A031996FA570097A6C9 /* NewsViewController.h */,
				FF9D3A041996FA570097A6C9 /* NewsViewController.m */,
			);
			name = NewsView;
			sourceTree = "<group>";
		};
		FF9D3A221996FDA50097A6C9 /* SettingView */ = {
			isa = PBXGroup;
			children = (
				FF9D3A231997259E0097A6C9 /* DetailSettingView */,
				FF9D3A051996FA570097A6C9 /* SettingViewController.h */,
				FF9D3A061996FA570097A6C9 /* SettingViewController.m */,
			);
			name = SettingView;
			sourceTree = "<group>";
		};
		FF9D3A231997259E0097A6C9 /* DetailSettingView */ = {
			isa = PBXGroup;
			children = (
				FF9D3A24199725C70097A6C9 /* DetailSettingViewController.h */,
				FF9D3A25199725C70097A6C9 /* DetailSettingViewController.m */,
			);
			name = DetailSettingView;
			sourceTree = "<group>";
		};
/* End PBXGroup section */

/* Begin PBXNativeTarget section */
		FF9D39C41996F9DB0097A6C9 /* GameMatome */ = {
			isa = PBXNativeTarget;
			buildConfigurationList = FF9D39F71996F9DC0097A6C9 /* Build configuration list for PBXNativeTarget "GameMatome" */;
			buildPhases = (
				FF9D39C11996F9DB0097A6C9 /* Sources */,
				FF9D39C21996F9DB0097A6C9 /* Frameworks */,
				FF9D39C31996F9DB0097A6C9 /* Resources */,
			);
			buildRules = (
			);
			dependencies = (
			);
			name = GameMatome;
			productName = GameMatome;
			productReference = FF9D39C51996F9DB0097A6C9 /* GameMatome.app */;
			productType = "com.apple.product-type.application";
		};
		FF9D39E51996F9DC0097A6C9 /* GameMatomeTests */ = {
			isa = PBXNativeTarget;
			buildConfigurationList = FF9D39FA1996F9DC0097A6C9 /* Build configuration list for PBXNativeTarget "GameMatomeTests" */;
			buildPhases = (
				FF9D39E21996F9DC0097A6C9 /* Sources */,
				FF9D39E31996F9DC0097A6C9 /* Frameworks */,
				FF9D39E41996F9DC0097A6C9 /* Resources */,
			);
			buildRules = (
			);
			dependencies = (
				FF9D39EC1996F9DC0097A6C9 /* PBXTargetDependency */,
			);
			name = GameMatomeTests;
			productName = GameMatomeTests;
			productReference = FF9D39E61996F9DC0097A6C9 /* GameMatomeTests.xctest */;
			productType = "com.apple.product-type.bundle.unit-test";
		};
/* End PBXNativeTarget section */

/* Begin PBXProject section */
		FF9D39BD1996F9DB0097A6C9 /* Project object */ = {
			isa = PBXProject;
			attributes = {
				LastUpgradeCheck = 0510;
				ORGANIZATIONNAME = "Hiroyuki Yahagi";
				TargetAttributes = {
					FF9D39C41996F9DB0097A6C9 = {
						DevelopmentTeam = A4SNNFG58F;
					};
					FF9D39E51996F9DC0097A6C9 = {
						TestTargetID = FF9D39C41996F9DB0097A6C9;
					};
				};
			};
			buildConfigurationList = FF9D39C01996F9DB0097A6C9 /* Build configuration list for PBXProject "GameMatome" */;
			compatibilityVersion = "Xcode 3.2";
			developmentRegion = English;
			hasScannedForEncodings = 0;
			knownRegions = (
				en,
				Base,
				ja,
			);
			mainGroup = FF9D39BC1996F9DB0097A6C9;
			productRefGroup = FF9D39C61996F9DB0097A6C9 /* Products */;
			projectDirPath = "";
			projectRoot = "";
			targets = (
				FF9D39C41996F9DB0097A6C9 /* GameMatome */,
				FF9D39E51996F9DC0097A6C9 /* GameMatomeTests */,
			);
		};
/* End PBXProject section */

/* Begin PBXResourcesBuildPhase section */
		FF9D39C31996F9DB0097A6C9 /* Resources */ = {
			isa = PBXResourcesBuildPhase;
			buildActionMask = 2147483647;
			files = (
				FF29E6CA199C503400AF0AD6 /* noimage.jpg in Resources */,
				FF3390B1199D272D006C407F /* favorite.png in Resources */,
				FF8F7BDA19A4D0CB00C17F3D /* 8chk.plist in Resources */,
				FF29E6C4199C4AE600AF0AD6 /* list.png in Resources */,
				FF29E6C6199C4AEB00AF0AD6 /* memo.png in Resources */,
				FF9D39E11996F9DC0097A6C9 /* Images.xcassets in Resources */,
				FF8F7BDB19A4D0CB00C17F3D /* 8chk.strings in Resources */,
				FF8F7BDD19A4D0CB00C17F3D /* chk8sdk_frame_l.png in Resources */,
				FF9D39D31996F9DC0097A6C9 /* InfoPlist.strings in Resources */,
				FF9D39FE1996FA250097A6C9 /* Main_iPhone.storyboard in Resources */,
				FF29E6C8199C4AEE00AF0AD6 /* settings.png in Resources */,
				FF9D3A101996FCC10097A6C9 /* SitesData.plist in Resources */,
				FF8F7BBF19A0A79E00C17F3D /* memo_blue.png in Resources */,
				FF9224881998D8D7005B62FB /* README.txt in Resources */,
				FF8F7BDC19A4D0CB00C17F3D /* chk8sdk_close.png in Resources */,
				FF8F7BDE19A4D0CB00C17F3D /* chk8sdk_frame_p.png in Resources */,
			);
			runOnlyForDeploymentPostprocessing = 0;
		};
		FF9D39E41996F9DC0097A6C9 /* Resources */ = {
			isa = PBXResourcesBuildPhase;
			buildActionMask = 2147483647;
			files = (
				FF9D39F21996F9DC0097A6C9 /* InfoPlist.strings in Resources */,
			);
			runOnlyForDeploymentPostprocessing = 0;
		};
/* End PBXResourcesBuildPhase section */

/* Begin PBXSourcesBuildPhase section */
		FF9D39C11996F9DB0097A6C9 /* Sources */ = {
			isa = PBXSourcesBuildPhase;
			buildActionMask = 2147483647;
			files = (
				FF9D3A071996FA570097A6C9 /* ForUseCoreData.m in Sources */,
				FFBA1AA219A8472300749A07 /* GetAffURL.m in Sources */,
				FF9D39D91996F9DC0097A6C9 /* AppDelegate.m in Sources */,
				FF2CD93A199CE95B001491BD /* GetUpdate.m in Sources */,
				FF9D3A29199733980097A6C9 /* News.m in Sources */,
				FFBA1AAB19A853D900749A07 /* Affs.m in Sources */,
				FF3D0C201A05E71200AF309A /* GetNewsList.m in Sources */,
				FF9D3A0E1996FA7B0097A6C9 /* GameMatome.xcdatamodeld in Sources */,
				FF9D3A131996FCE50097A6C9 /* Game.m in Sources */,
				FF9D3A091996FA570097A6C9 /* NewsViewController.m in Sources */,
				FF9D39D51996F9DC0097A6C9 /* main.m in Sources */,
				FF9D3A081996FA570097A6C9 /* BrouserViewController.m in Sources */,
				FF9D3A26199725C70097A6C9 /* DetailSettingViewController.m in Sources */,
				FF2CD937199CE2AB001491BD /* GetSiteList.m in Sources */,
				FF9D3A0A1996FA570097A6C9 /* SettingViewController.m in Sources */,
				FF29E6D2199C6E4600AF0AD6 /* MemoViewController.m in Sources */,
				FF9D3A161996FCE50097A6C9 /* Site.m in Sources */,
				FF9D3A1C1996FCE50097A6C9 /* Memo.m in Sources */,
				FF29E6CE199C5EA800AF0AD6 /* FavoriteViewController.m in Sources */,
				FF3390BD199D8BE1006C407F /* Parser.m in Sources */,
				FF2CD934199CE29E001491BD /* GetGameList.m in Sources */,
			);
			runOnlyForDeploymentPostprocessing = 0;
		};
		FF9D39E21996F9DC0097A6C9 /* Sources */ = {
			isa = PBXSourcesBuildPhase;
			buildActionMask = 2147483647;
			files = (
				FF9D39F41996F9DC0097A6C9 /* GameMatomeTests.m in Sources */,
			);
			runOnlyForDeploymentPostprocessing = 0;
		};
/* End PBXSourcesBuildPhase section */

/* Begin PBXTargetDependency section */
		FF9D39EC1996F9DC0097A6C9 /* PBXTargetDependency */ = {
			isa = PBXTargetDependency;
			target = FF9D39C41996F9DB0097A6C9 /* GameMatome */;
			targetProxy = FF9D39EB1996F9DC0097A6C9 /* PBXContainerItemProxy */;
		};
/* End PBXTargetDependency section */

/* Begin PBXVariantGroup section */
		FF8F7BD319A4D0CB00C17F3D /* 8chk.strings */ = {
			isa = PBXVariantGroup;
			children = (
				FF8F7BD419A4D0CB00C17F3D /* en */,
				FF8F7BD919A4D0CB00C17F3D /* ja */,
			);
			name = 8chk.strings;
			sourceTree = "<group>";
		};
		FF9D39D11996F9DC0097A6C9 /* InfoPlist.strings */ = {
			isa = PBXVariantGroup;
			children = (
				FF9D39D21996F9DC0097A6C9 /* en */,
			);
			name = InfoPlist.strings;
			sourceTree = "<group>";
		};
		FF9D39F01996F9DC0097A6C9 /* InfoPlist.strings */ = {
			isa = PBXVariantGroup;
			children = (
				FF9D39F11996F9DC0097A6C9 /* en */,
			);
			name = InfoPlist.strings;
			sourceTree = "<group>";
		};
/* End PBXVariantGroup section */

/* Begin XCBuildConfiguration section */
		FF9D39F51996F9DC0097A6C9 /* Debug */ = {
			isa = XCBuildConfiguration;
			buildSettings = {
				ALWAYS_SEARCH_USER_PATHS = NO;
				CLANG_CXX_LANGUAGE_STANDARD = "gnu++0x";
				CLANG_CXX_LIBRARY = "libc++";
				CLANG_ENABLE_MODULES = YES;
				CLANG_ENABLE_OBJC_ARC = YES;
				CLANG_WARN_BOOL_CONVERSION = YES;
				CLANG_WARN_CONSTANT_CONVERSION = YES;
				CLANG_WARN_DIRECT_OBJC_ISA_USAGE = YES_ERROR;
				CLANG_WARN_EMPTY_BODY = YES;
				CLANG_WARN_ENUM_CONVERSION = YES;
				CLANG_WARN_INT_CONVERSION = YES;
				CLANG_WARN_OBJC_ROOT_CLASS = YES_ERROR;
				CLANG_WARN__DUPLICATE_METHOD_MATCH = YES;
				CODE_SIGN_IDENTITY = "iPhone Developer: Hiroyuki Yahagi (53K8Z43UKW)";
				"CODE_SIGN_IDENTITY[sdk=iphoneos*]" = "iPhone Developer: Hiroyuki Yahagi (53K8Z43UKW)";
				COPY_PHASE_STRIP = NO;
				GCC_C_LANGUAGE_STANDARD = gnu99;
				GCC_DYNAMIC_NO_PIC = NO;
				GCC_OPTIMIZATION_LEVEL = 0;
				GCC_PREPROCESSOR_DEFINITIONS = (
					"DEBUG=1",
					"$(inherited)",
				);
				GCC_SYMBOLS_PRIVATE_EXTERN = NO;
				GCC_WARN_64_TO_32_BIT_CONVERSION = YES;
				GCC_WARN_ABOUT_RETURN_TYPE = YES_ERROR;
				GCC_WARN_UNDECLARED_SELECTOR = YES;
				GCC_WARN_UNINITIALIZED_AUTOS = YES_AGGRESSIVE;
				GCC_WARN_UNUSED_FUNCTION = YES;
				GCC_WARN_UNUSED_VARIABLE = YES;
				IPHONEOS_DEPLOYMENT_TARGET = 7.1;
				ONLY_ACTIVE_ARCH = YES;
				OTHER_LDFLAGS = ObjC;
				PROVISIONING_PROFILE = "B3650EEC-24C7-4E2B-A499-A357E7A63330";
				SDKROOT = iphoneos;
			};
			name = Debug;
		};
		FF9D39F61996F9DC0097A6C9 /* Release */ = {
			isa = XCBuildConfiguration;
			buildSettings = {
				ALWAYS_SEARCH_USER_PATHS = NO;
				CLANG_CXX_LANGUAGE_STANDARD = "gnu++0x";
				CLANG_CXX_LIBRARY = "libc++";
				CLANG_ENABLE_MODULES = YES;
				CLANG_ENABLE_OBJC_ARC = YES;
				CLANG_WARN_BOOL_CONVERSION = YES;
				CLANG_WARN_CONSTANT_CONVERSION = YES;
				CLANG_WARN_DIRECT_OBJC_ISA_USAGE = YES_ERROR;
				CLANG_WARN_EMPTY_BODY = YES;
				CLANG_WARN_ENUM_CONVERSION = YES;
				CLANG_WARN_INT_CONVERSION = YES;
				CLANG_WARN_OBJC_ROOT_CLASS = YES_ERROR;
				CLANG_WARN__DUPLICATE_METHOD_MATCH = YES;
				CODE_SIGN_IDENTITY = "iPhone Distribution: Hiroyuki Yahagi (A4SNNFG58F)";
				"CODE_SIGN_IDENTITY[sdk=iphoneos*]" = "iPhone Distribution: Hiroyuki Yahagi (A4SNNFG58F)";
				COPY_PHASE_STRIP = YES;
				ENABLE_NS_ASSERTIONS = NO;
				GCC_C_LANGUAGE_STANDARD = gnu99;
				GCC_WARN_64_TO_32_BIT_CONVERSION = YES;
				GCC_WARN_ABOUT_RETURN_TYPE = YES_ERROR;
				GCC_WARN_UNDECLARED_SELECTOR = YES;
				GCC_WARN_UNINITIALIZED_AUTOS = YES_AGGRESSIVE;
				GCC_WARN_UNUSED_FUNCTION = YES;
				GCC_WARN_UNUSED_VARIABLE = YES;
				IPHONEOS_DEPLOYMENT_TARGET = 7.1;
				OTHER_LDFLAGS = ObjC;
				PROVISIONING_PROFILE = "551c6193-d901-4b13-abe0-c59b5ada7dba";
				SDKROOT = iphoneos;
				VALIDATE_PRODUCT = YES;
			};
			name = Release;
		};
		FF9D39F81996F9DC0097A6C9 /* Debug */ = {
			isa = XCBuildConfiguration;
			buildSettings = {
				ASSETCATALOG_COMPILER_APPICON_NAME = AppIcon;
				ASSETCATALOG_COMPILER_LAUNCHIMAGE_NAME = LaunchImage;
				CODE_SIGN_IDENTITY = "iPhone Developer";
				"CODE_SIGN_IDENTITY[sdk=iphoneos*]" = "iPhone Developer";
				FRAMEWORK_SEARCH_PATHS = (
					"$(inherited)",
					"$(PROJECT_DIR)/SMPCM-ARC.embeddedframework",
				);
				GCC_PRECOMPILE_PREFIX_HEADER = YES;
				GCC_PREFIX_HEADER = "GameMatome/GameMatome-Prefix.pch";
				INFOPLIST_FILE = "GameMatome/GameMatome-Info.plist";
				LIBRARY_SEARCH_PATHS = (
					"$(inherited)",
					"$(PROJECT_DIR)",
					"$(PROJECT_DIR)/8chk",
				);
				OTHER_LDFLAGS = "-ObjC";
				PRODUCT_NAME = "$(TARGET_NAME)";
				PROVISIONING_PROFILE = "";
				WRAPPER_EXTENSION = app;
			};
			name = Debug;
		};
		FF9D39F91996F9DC0097A6C9 /* Release */ = {
			isa = XCBuildConfiguration;
			buildSettings = {
				ASSETCATALOG_COMPILER_APPICON_NAME = AppIcon;
				ASSETCATALOG_COMPILER_LAUNCHIMAGE_NAME = LaunchImage;
				CODE_SIGN_IDENTITY = "iPhone Developer";
				"CODE_SIGN_IDENTITY[sdk=iphoneos*]" = "iPhone Developer";
				FRAMEWORK_SEARCH_PATHS = (
					"$(inherited)",
					"$(PROJECT_DIR)/SMPCM-ARC.embeddedframework",
				);
				GCC_PRECOMPILE_PREFIX_HEADER = YES;
				GCC_PREFIX_HEADER = "GameMatome/GameMatome-Prefix.pch";
				INFOPLIST_FILE = "GameMatome/GameMatome-Info.plist";
				LIBRARY_SEARCH_PATHS = (
					"$(inherited)",
					"$(PROJECT_DIR)",
					"$(PROJECT_DIR)/8chk",
				);
				OTHER_LDFLAGS = "-ObjC";
				PRODUCT_NAME = "$(TARGET_NAME)";
				PROVISIONING_PROFILE = "";
				WRAPPER_EXTENSION = app;
			};
			name = Release;
		};
		FF9D39FB1996F9DC0097A6C9 /* Debug */ = {
			isa = XCBuildConfiguration;
			buildSettings = {
				BUNDLE_LOADER = "$(BUILT_PRODUCTS_DIR)/GameMatome.app/GameMatome";
				FRAMEWORK_SEARCH_PATHS = (
					"$(SDKROOT)/Developer/Library/Frameworks",
					"$(inherited)",
					"$(DEVELOPER_FRAMEWORKS_DIR)",
				);
				GCC_PRECOMPILE_PREFIX_HEADER = YES;
				GCC_PREFIX_HEADER = "GameMatome/GameMatome-Prefix.pch";
				GCC_PREPROCESSOR_DEFINITIONS = (
					"DEBUG=1",
					"$(inherited)",
				);
				INFOPLIST_FILE = "GameMatomeTests/GameMatomeTests-Info.plist";
				PRODUCT_NAME = "$(TARGET_NAME)";
				TEST_HOST = "$(BUNDLE_LOADER)";
				WRAPPER_EXTENSION = xctest;
			};
			name = Debug;
		};
		FF9D39FC1996F9DC0097A6C9 /* Release */ = {
			isa = XCBuildConfiguration;
			buildSettings = {
				BUNDLE_LOADER = "$(BUILT_PRODUCTS_DIR)/GameMatome.app/GameMatome";
				FRAMEWORK_SEARCH_PATHS = (
					"$(SDKROOT)/Developer/Library/Frameworks",
					"$(inherited)",
					"$(DEVELOPER_FRAMEWORKS_DIR)",
				);
				GCC_PRECOMPILE_PREFIX_HEADER = YES;
				GCC_PREFIX_HEADER = "GameMatome/GameMatome-Prefix.pch";
				INFOPLIST_FILE = "GameMatomeTests/GameMatomeTests-Info.plist";
				PRODUCT_NAME = "$(TARGET_NAME)";
				PROVISIONING_PROFILE = "6901AF00-C9CD-4C5D-B616-9A9A97F2D872";
				TEST_HOST = "$(BUNDLE_LOADER)";
				WRAPPER_EXTENSION = xctest;
			};
			name = Release;
		};
		FF9D3A2E19979DAD0097A6C9 /* Adhoc */ = {
			isa = XCBuildConfiguration;
			buildSettings = {
				ALWAYS_SEARCH_USER_PATHS = NO;
				CLANG_CXX_LANGUAGE_STANDARD = "gnu++0x";
				CLANG_CXX_LIBRARY = "libc++";
				CLANG_ENABLE_MODULES = YES;
				CLANG_ENABLE_OBJC_ARC = YES;
				CLANG_WARN_BOOL_CONVERSION = YES;
				CLANG_WARN_CONSTANT_CONVERSION = YES;
				CLANG_WARN_DIRECT_OBJC_ISA_USAGE = YES_ERROR;
				CLANG_WARN_EMPTY_BODY = YES;
				CLANG_WARN_ENUM_CONVERSION = YES;
				CLANG_WARN_INT_CONVERSION = YES;
				CLANG_WARN_OBJC_ROOT_CLASS = YES_ERROR;
				CLANG_WARN__DUPLICATE_METHOD_MATCH = YES;
				CODE_SIGN_IDENTITY = "iPhone Distribution: Hiroyuki Yahagi (A4SNNFG58F)";
				"CODE_SIGN_IDENTITY[sdk=iphoneos*]" = "iPhone Distribution: Hiroyuki Yahagi (A4SNNFG58F)";
				COPY_PHASE_STRIP = YES;
				ENABLE_NS_ASSERTIONS = NO;
				GCC_C_LANGUAGE_STANDARD = gnu99;
				GCC_WARN_64_TO_32_BIT_CONVERSION = YES;
				GCC_WARN_ABOUT_RETURN_TYPE = YES_ERROR;
				GCC_WARN_UNDECLARED_SELECTOR = YES;
				GCC_WARN_UNINITIALIZED_AUTOS = YES_AGGRESSIVE;
				GCC_WARN_UNUSED_FUNCTION = YES;
				GCC_WARN_UNUSED_VARIABLE = YES;
				IPHONEOS_DEPLOYMENT_TARGET = 7.1;
				OTHER_LDFLAGS = ObjC;
				PROVISIONING_PROFILE = "B3650EEC-24C7-4E2B-A499-A357E7A63330";
				SDKROOT = iphoneos;
				VALIDATE_PRODUCT = YES;
			};
			name = Adhoc;
		};
		FF9D3A2F19979DAD0097A6C9 /* Adhoc */ = {
			isa = XCBuildConfiguration;
			buildSettings = {
				ASSETCATALOG_COMPILER_APPICON_NAME = AppIcon;
				ASSETCATALOG_COMPILER_LAUNCHIMAGE_NAME = LaunchImage;
				CODE_SIGN_IDENTITY = "iPhone Developer";
				"CODE_SIGN_IDENTITY[sdk=iphoneos*]" = "iPhone Developer";
				FRAMEWORK_SEARCH_PATHS = (
					"$(inherited)",
					"$(PROJECT_DIR)/SMPCM-ARC.embeddedframework",
				);
				GCC_PRECOMPILE_PREFIX_HEADER = YES;
				GCC_PREFIX_HEADER = "GameMatome/GameMatome-Prefix.pch";
				INFOPLIST_FILE = "GameMatome/GameMatome-Info.plist";
				LIBRARY_SEARCH_PATHS = (
					"$(inherited)",
					"$(PROJECT_DIR)",
					"$(PROJECT_DIR)/8chk",
				);
				OTHER_LDFLAGS = "-ObjC";
				PRODUCT_NAME = "$(TARGET_NAME)";
				PROVISIONING_PROFILE = "";
				WRAPPER_EXTENSION = app;
			};
			name = Adhoc;
		};
		FF9D3A3019979DAD0097A6C9 /* Adhoc */ = {
			isa = XCBuildConfiguration;
			buildSettings = {
				BUNDLE_LOADER = "$(BUILT_PRODUCTS_DIR)/GameMatome.app/GameMatome";
				FRAMEWORK_SEARCH_PATHS = (
					"$(SDKROOT)/Developer/Library/Frameworks",
					"$(inherited)",
					"$(DEVELOPER_FRAMEWORKS_DIR)",
				);
				GCC_PRECOMPILE_PREFIX_HEADER = YES;
				GCC_PREFIX_HEADER = "GameMatome/GameMatome-Prefix.pch";
				INFOPLIST_FILE = "GameMatomeTests/GameMatomeTests-Info.plist";
				PRODUCT_NAME = "$(TARGET_NAME)";
				TEST_HOST = "$(BUNDLE_LOADER)";
				WRAPPER_EXTENSION = xctest;
			};
			name = Adhoc;
		};
/* End XCBuildConfiguration section */

/* Begin XCConfigurationList section */
		FF9D39C01996F9DB0097A6C9 /* Build configuration list for PBXProject "GameMatome" */ = {
			isa = XCConfigurationList;
			buildConfigurations = (
				FF9D39F51996F9DC0097A6C9 /* Debug */,
				FF9D39F61996F9DC0097A6C9 /* Release */,
				FF9D3A2E19979DAD0097A6C9 /* Adhoc */,
			);
			defaultConfigurationIsVisible = 0;
			defaultConfigurationName = Release;
		};
		FF9D39F71996F9DC0097A6C9 /* Build configuration list for PBXNativeTarget "GameMatome" */ = {
			isa = XCConfigurationList;
			buildConfigurations = (
				FF9D39F81996F9DC0097A6C9 /* Debug */,
				FF9D39F91996F9DC0097A6C9 /* Release */,
				FF9D3A2F19979DAD0097A6C9 /* Adhoc */,
			);
			defaultConfigurationIsVisible = 0;
			defaultConfigurationName = Release;
		};
		FF9D39FA1996F9DC0097A6C9 /* Build configuration list for PBXNativeTarget "GameMatomeTests" */ = {
			isa = XCConfigurationList;
			buildConfigurations = (
				FF9D39FB1996F9DC0097A6C9 /* Debug */,
				FF9D39FC1996F9DC0097A6C9 /* Release */,
				FF9D3A3019979DAD0097A6C9 /* Adhoc */,
			);
			defaultConfigurationIsVisible = 0;
			defaultConfigurationName = Release;
		};
/* End XCConfigurationList section */

/* Begin XCVersionGroup section */
		FF9D3A0C1996FA7B0097A6C9 /* GameMatome.xcdatamodeld */ = {
			isa = XCVersionGroup;
			children = (
				FF9D3A0D1996FA7B0097A6C9 /* GameMatome.xcdatamodel */,
			);
			currentVersion = FF9D3A0D1996FA7B0097A6C9 /* GameMatome.xcdatamodel */;
			path = GameMatome.xcdatamodeld;
			sourceTree = "<group>";
			versionGroupType = wrapper.xcdatamodel;
		};
/* End XCVersionGroup section */
	};
	rootObject = FF9D39BD1996F9DB0097A6C9 /* Project object */;
}
